
Microsoft Visual Studio Solution File, Format Version 12.00
# Visual Studio Version 16
VisualStudioVersion = 16.0.33027.164
MinimumVisualStudioVersion = 10.0.40219.1
Project("{9A19103F-16F7-4668-BE54-9A1E7A4F7556}") = "NullObjectAfter", "NullObject\NullObjectAfter.csproj", "{8D9FC048-2CE5-4213-853D-BC11EE57AA54}"
EndProject
Project("{9A19103F-16F7-4668-BE54-9A1E7A4F7556}") = "NullObjectBefore", "..\..\before\NullObjectPattern\NullObject\NullObjectBefore.csproj", "{54B87A3E-E787-45FD-BE66-308ABDB75A87}"
EndProject
Global
	GlobalSection(SolutionConfigurationPlatforms) = preSolution
		Debug|Any CPU = Debug|Any CPU
		Release|Any CPU = Release|Any CPU
	EndGlobalSection
	GlobalSection(ProjectConfigurationPlatforms) = postSolution
		{8D9FC048-2CE5-4213-853D-BC11EE57AA54}.Debug|Any CPU.ActiveCfg = Debug|Any CPU
		{8D9FC048-2CE5-4213-853D-BC11EE57AA54}.Debug|Any CPU.Build.0 = Debug|Any CPU
		{8D9FC048-2CE5-4213-853D-BC11EE57AA54}.Release|Any CPU.ActiveCfg = Release|Any CPU
		{8D9FC048-2CE5-4213-853D-BC11EE57AA54}.Release|Any CPU.Build.0 = Release|Any CPU
		{54B87A3E-E787-45FD-BE66-308ABDB75A87}.Debug|Any CPU.ActiveCfg = Debug|Any CPU
		{54B87A3E-E787-45FD-BE66-308ABDB75A87}.Debug|Any CPU.Build.0 = Debug|Any CPU
		{54B87A3E-E787-45FD-BE66-308ABDB75A87}.Release|Any CPU.ActiveCfg = Release|Any CPU
		{54B87A3E-E787-45FD-BE66-308ABDB75A87}.Release|Any CPU.Build.0 = Release|Any CPU
	EndGlobalSection
	GlobalSection(SolutionProperties) = preSolution
		HideSolutionNode = FALSE
	EndGlobalSection
	GlobalSection(ExtensibilityGlobals) = postSolution
		SolutionGuid = {73F41EA6-7600-4041-ADB2-1BA0537FD9E4}
	EndGlobalSection
EndGlobal
